
Microsoft Visual Studio Solution File, Format Version 12.00
# Visual Studio 15
Project("{FAE04EC0-301F-11D3-BF4B-00C04F79EFBC}") = "Assembly-CSharp", "Assembly-CSharp.csproj", "{A108FEC8-951C-5E1A-E60B-0AD3C340BE06}"
EndProject
Global
	GlobalSection(SolutionConfigurationPlatforms) = preSolution
		Debug|Any CPU = Debug|Any CPU
		Release|Any CPU = Release|Any CPU
	EndGlobalSection
	GlobalSection(ProjectConfigurationPlatforms) = postSolution
		{A108FEC8-951C-5E1A-E60B-0AD3C340BE06}.Debug|Any CPU.ActiveCfg = Debug|Any CPU
		{A108FEC8-951C-5E1A-E60B-0AD3C340BE06}.Debug|Any CPU.Build.0 = Debug|Any CPU
		{A108FEC8-951C-5E1A-E60B-0AD3C340BE06}.Release|Any CPU.ActiveCfg = Release|Any CPU
		{A108FEC8-951C-5E1A-E60B-0AD3C340BE06}.Release|Any CPU.Build.0 = Release|Any CPU
	EndGlobalSection
	GlobalSection(SolutionProperties) = preSolution
		HideSolutionNode = FALSE
	EndGlobalSection
EndGlobal
